// !$*UTF8*$!
{
	archiveVersion = 1;
	classes = {
	};
	objectVersion = 50;
	objects = {

/* Begin PBXBuildFile section */
		2EAF986A26975FB90066C44D /* SpanishConjugationApp.swift in Sources */ = {isa = PBXBuildFile; fileRef = 2EAF985726975FB80066C44D /* SpanishConjugationApp.swift */; };
		2EAF986B26975FB90066C44D /* SpanishConjugationApp.swift in Sources */ = {isa = PBXBuildFile; fileRef = 2EAF985726975FB80066C44D /* SpanishConjugationApp.swift */; };
		2EAF986C26975FB90066C44D /* ConjugationTable.swift in Sources */ = {isa = PBXBuildFile; fileRef = 2EAF985826975FB80066C44D /* ConjugationTable.swift */; };
		2EAF986D26975FB90066C44D /* ConjugationTable.swift in Sources */ = {isa = PBXBuildFile; fileRef = 2EAF985826975FB80066C44D /* ConjugationTable.swift */; };
		2EAF986E26975FB90066C44D /* Assets.xcassets in Resources */ = {isa = PBXBuildFile; fileRef = 2EAF985926975FB90066C44D /* Assets.xcassets */; };
		2EAF986F26975FB90066C44D /* Assets.xcassets in Resources */ = {isa = PBXBuildFile; fileRef = 2EAF985926975FB90066C44D /* Assets.xcassets */; };
		2EAF987C26975FE60066C44D /* Word.swift in Sources */ = {isa = PBXBuildFile; fileRef = 2EAF987B26975FE60066C44D /* Word.swift */; };
		2EAF9888269760530066C44D /* Conjugated.swift in Sources */ = {isa = PBXBuildFile; fileRef = 2EAF9887269760530066C44D /* Conjugated.swift */; };
		2EAF988B2697624F0066C44D /* Conjugated.swift in Sources */ = {isa = PBXBuildFile; fileRef = 2EAF9887269760530066C44D /* Conjugated.swift */; };
		2EAF988E269762520066C44D /* Word.swift in Sources */ = {isa = PBXBuildFile; fileRef = 2EAF987B26975FE60066C44D /* Word.swift */; };
		2EAF9894269763630066C44D /* BaseConjugation.swift in Sources */ = {isa = PBXBuildFile; fileRef = 2EAF9893269763630066C44D /* BaseConjugation.swift */; };
		2EAF989A269763D10066C44D /* ConjugationForm.swift in Sources */ = {isa = PBXBuildFile; fileRef = 2EAF9899269763D10066C44D /* ConjugationForm.swift */; };
		2EAF989D269763D30066C44D /* ConjugationForm.swift in Sources */ = {isa = PBXBuildFile; fileRef = 2EAF9899269763D10066C44D /* ConjugationForm.swift */; };
		2EAF98A526976C5E0066C44D /* ConjugatedForms.swift in Sources */ = {isa = PBXBuildFile; fileRef = 2EAF98A426976C5E0066C44D /* ConjugatedForms.swift */; };
		2EAF98A826976CE70066C44D /* ConjugatedForms.swift in Sources */ = {isa = PBXBuildFile; fileRef = 2EAF98A426976C5E0066C44D /* ConjugatedForms.swift */; };
		2EAF98B126976E450066C44D /* ConjugationEngine.swift in Sources */ = {isa = PBXBuildFile; fileRef = 2EAF98AB26976E3F0066C44D /* ConjugationEngine.swift */; };
		2EAF98B426976E450066C44D /* ConjugationEngine.swift in Sources */ = {isa = PBXBuildFile; fileRef = 2EAF98AB26976E3F0066C44D /* ConjugationEngine.swift */; };
		2EAF98B7269771050066C44D /* BaseConjugation.swift in Sources */ = {isa = PBXBuildFile; fileRef = 2EAF9893269763630066C44D /* BaseConjugation.swift */; };
		2EAF98BF269890AD0066C44D /* WordSelector.swift in Sources */ = {isa = PBXBuildFile; fileRef = 2EAF98BE269890AD0066C44D /* WordSelector.swift */; };
		2EAF98C0269890AD0066C44D /* WordSelector.swift in Sources */ = {isa = PBXBuildFile; fileRef = 2EAF98BE269890AD0066C44D /* WordSelector.swift */; };
/* End PBXBuildFile section */

/* Begin PBXFileReference section */
		2EAF985726975FB80066C44D /* SpanishConjugationApp.swift */ = {isa = PBXFileReference; lastKnownFileType = sourcecode.swift; path = SpanishConjugationApp.swift; sourceTree = "<group>"; };
		2EAF985826975FB80066C44D /* ConjugationTable.swift */ = {isa = PBXFileReference; lastKnownFileType = sourcecode.swift; path = ConjugationTable.swift; sourceTree = "<group>"; };
		2EAF985926975FB90066C44D /* Assets.xcassets */ = {isa = PBXFileReference; lastKnownFileType = folder.assetcatalog; path = Assets.xcassets; sourceTree = "<group>"; };
		2EAF985E26975FB90066C44D /* SpanishConjugation.app */ = {isa = PBXFileReference; explicitFileType = wrapper.application; includeInIndex = 0; path = SpanishConjugation.app; sourceTree = BUILT_PRODUCTS_DIR; };
		2EAF986126975FB90066C44D /* Info.plist */ = {isa = PBXFileReference; lastKnownFileType = text.plist.xml; path = Info.plist; sourceTree = "<group>"; };
		2EAF986626975FB90066C44D /* SpanishConjugation.app */ = {isa = PBXFileReference; explicitFileType = wrapper.application; includeInIndex = 0; path = SpanishConjugation.app; sourceTree = BUILT_PRODUCTS_DIR; };
		2EAF986826975FB90066C44D /* Info.plist */ = {isa = PBXFileReference; lastKnownFileType = text.plist.xml; path = Info.plist; sourceTree = "<group>"; };
		2EAF986926975FB90066C44D /* macOS.entitlements */ = {isa = PBXFileReference; lastKnownFileType = text.plist.entitlements; path = macOS.entitlements; sourceTree = "<group>"; };
		2EAF987B26975FE60066C44D /* Word.swift */ = {isa = PBXFileReference; lastKnownFileType = sourcecode.swift; path = Word.swift; sourceTree = "<group>"; };
		2EAF9887269760530066C44D /* Conjugated.swift */ = {isa = PBXFileReference; lastKnownFileType = sourcecode.swift; path = Conjugated.swift; sourceTree = "<group>"; };
		2EAF9893269763630066C44D /* BaseConjugation.swift */ = {isa = PBXFileReference; lastKnownFileType = sourcecode.swift; path = BaseConjugation.swift; sourceTree = "<group>"; };
		2EAF9899269763D10066C44D /* ConjugationForm.swift */ = {isa = PBXFileReference; lastKnownFileType = sourcecode.swift; path = ConjugationForm.swift; sourceTree = "<group>"; };
		2EAF98A426976C5E0066C44D /* ConjugatedForms.swift */ = {isa = PBXFileReference; lastKnownFileType = sourcecode.swift; path = ConjugatedForms.swift; sourceTree = "<group>"; };
		2EAF98AB26976E3F0066C44D /* ConjugationEngine.swift */ = {isa = PBXFileReference; lastKnownFileType = sourcecode.swift; path = ConjugationEngine.swift; sourceTree = "<group>"; };
		2EAF98BE269890AD0066C44D /* WordSelector.swift */ = {isa = PBXFileReference; lastKnownFileType = sourcecode.swift; path = WordSelector.swift; sourceTree = "<group>"; };
/* End PBXFileReference section */

/* Begin PBXFrameworksBuildPhase section */
		2EAF985B26975FB90066C44D /* Frameworks */ = {
			isa = PBXFrameworksBuildPhase;
			buildActionMask = 2147483647;
			files = (
			);
			runOnlyForDeploymentPostprocessing = 0;
		};
		2EAF986326975FB90066C44D /* Frameworks */ = {
			isa = PBXFrameworksBuildPhase;
			buildActionMask = 2147483647;
			files = (
			);
			runOnlyForDeploymentPostprocessing = 0;
		};
/* End PBXFrameworksBuildPhase section */

/* Begin PBXGroup section */
		2EAF985126975FB80066C44D = {
			isa = PBXGroup;
			children = (
				2EAF985626975FB80066C44D /* Shared */,
				2EAF986026975FB90066C44D /* iOS */,
				2EAF986726975FB90066C44D /* macOS */,
				2EAF985F26975FB90066C44D /* Products */,
			);
			sourceTree = "<group>";
		};
		2EAF985626975FB80066C44D /* Shared */ = {
			isa = PBXGroup;
			children = (
				2EAF987A26975FD60066C44D /* Models */,
				2EAF985726975FB80066C44D /* SpanishConjugationApp.swift */,
				2EAF985826975FB80066C44D /* ConjugationTable.swift */,
				2EAF98BE269890AD0066C44D /* WordSelector.swift */,
				2EAF985926975FB90066C44D /* Assets.xcassets */,
			);
			path = Shared;
			sourceTree = "<group>";
		};
		2EAF985F26975FB90066C44D /* Products */ = {
			isa = PBXGroup;
			children = (
				2EAF985E26975FB90066C44D /* SpanishConjugation.app */,
				2EAF986626975FB90066C44D /* SpanishConjugation.app */,
			);
			name = Products;
			sourceTree = "<group>";
		};
		2EAF986026975FB90066C44D /* iOS */ = {
			isa = PBXGroup;
			children = (
				2EAF986126975FB90066C44D /* Info.plist */,
			);
			path = iOS;
			sourceTree = "<group>";
		};
		2EAF986726975FB90066C44D /* macOS */ = {
			isa = PBXGroup;
			children = (
				2EAF986826975FB90066C44D /* Info.plist */,
				2EAF986926975FB90066C44D /* macOS.entitlements */,
			);
			path = macOS;
			sourceTree = "<group>";
		};
		2EAF987A26975FD60066C44D /* Models */ = {
			isa = PBXGroup;
			children = (
				2EAF987B26975FE60066C44D /* Word.swift */,
				2EAF9887269760530066C44D /* Conjugated.swift */,
				2EAF9893269763630066C44D /* BaseConjugation.swift */,
				2EAF9899269763D10066C44D /* ConjugationForm.swift */,
				2EAF98A426976C5E0066C44D /* ConjugatedForms.swift */,
				2EAF98AB26976E3F0066C44D /* ConjugationEngine.swift */,
			);
			path = Models;
			sourceTree = "<group>";
		};
/* End PBXGroup section */

/* Begin PBXNativeTarget section */
		2EAF985D26975FB90066C44D /* SpanishConjugation (iOS) */ = {
			isa = PBXNativeTarget;
			buildConfigurationList = 2EAF987226975FB90066C44D /* Build configuration list for PBXNativeTarget "SpanishConjugation (iOS)" */;
			buildPhases = (
				2EAF985A26975FB90066C44D /* Sources */,
				2EAF985B26975FB90066C44D /* Frameworks */,
				2EAF985C26975FB90066C44D /* Resources */,
			);
			buildRules = (
			);
			dependencies = (
			);
			name = "SpanishConjugation (iOS)";
			productName = "SpanishConjugation (iOS)";
			productReference = 2EAF985E26975FB90066C44D /* SpanishConjugation.app */;
			productType = "com.apple.product-type.application";
		};
		2EAF986526975FB90066C44D /* SpanishConjugation (macOS) */ = {
			isa = PBXNativeTarget;
			buildConfigurationList = 2EAF987526975FB90066C44D /* Build configuration list for PBXNativeTarget "SpanishConjugation (macOS)" */;
			buildPhases = (
				2EAF986226975FB90066C44D /* Sources */,
				2EAF986326975FB90066C44D /* Frameworks */,
				2EAF986426975FB90066C44D /* Resources */,
			);
			buildRules = (
			);
			dependencies = (
			);
			name = "SpanishConjugation (macOS)";
			productName = "SpanishConjugation (macOS)";
			productReference = 2EAF986626975FB90066C44D /* SpanishConjugation.app */;
			productType = "com.apple.product-type.application";
		};
/* End PBXNativeTarget section */

/* Begin PBXProject section */
		2EAF985226975FB80066C44D /* Project object */ = {
			isa = PBXProject;
			attributes = {
				LastSwiftUpdateCheck = 1230;
				LastUpgradeCheck = 1230;
				TargetAttributes = {
					2EAF985D26975FB90066C44D = {
						CreatedOnToolsVersion = 12.3;
					};
					2EAF986526975FB90066C44D = {
						CreatedOnToolsVersion = 12.3;
					};
				};
			};
			buildConfigurationList = 2EAF985526975FB80066C44D /* Build configuration list for PBXProject "SpanishConjugation" */;
			compatibilityVersion = "Xcode 9.3";
			developmentRegion = en;
			hasScannedForEncodings = 0;
			knownRegions = (
				en,
				Base,
			);
			mainGroup = 2EAF985126975FB80066C44D;
			productRefGroup = 2EAF985F26975FB90066C44D /* Products */;
			projectDirPath = "";
			projectRoot = "";
			targets = (
				2EAF985D26975FB90066C44D /* SpanishConjugation (iOS) */,
				2EAF986526975FB90066C44D /* SpanishConjugation (macOS) */,
			);
		};
/* End PBXProject section */

/* Begin PBXResourcesBuildPhase section */
		2EAF985C26975FB90066C44D /* Resources */ = {
			isa = PBXResourcesBuildPhase;
			buildActionMask = 2147483647;
			files = (
				2EAF986E26975FB90066C44D /* Assets.xcassets in Resources */,
			);
			runOnlyForDeploymentPostprocessing = 0;
		};
		2EAF986426975FB90066C44D /* Resources */ = {
			isa = PBXResourcesBuildPhase;
			buildActionMask = 2147483647;
			files = (
				2EAF986F26975FB90066C44D /* Assets.xcassets in Resources */,
			);
			runOnlyForDeploymentPostprocessing = 0;
		};
/* End PBXResourcesBuildPhase section */

/* Begin PBXSourcesBuildPhase section */
		2EAF985A26975FB90066C44D /* Sources */ = {
			isa = PBXSourcesBuildPhase;
			buildActionMask = 2147483647;
			files = (
				2EAF986C26975FB90066C44D /* ConjugationTable.swift in Sources */,
				2EAF98B126976E450066C44D /* ConjugationEngine.swift in Sources */,
				2EAF98BF269890AD0066C44D /* WordSelector.swift in Sources */,
				2EAF9894269763630066C44D /* BaseConjugation.swift in Sources */,
				2EAF9888269760530066C44D /* Conjugated.swift in Sources */,
				2EAF98A526976C5E0066C44D /* ConjugatedForms.swift in Sources */,
				2EAF986A26975FB90066C44D /* SpanishConjugationApp.swift in Sources */,
				2EAF987C26975FE60066C44D /* Word.swift in Sources */,
				2EAF989A269763D10066C44D /* ConjugationForm.swift in Sources */,
			);
			runOnlyForDeploymentPostprocessing = 0;
		};
		2EAF986226975FB90066C44D /* Sources */ = {
			isa = PBXSourcesBuildPhase;
			buildActionMask = 2147483647;
			files = (
				2EAF989D269763D30066C44D /* ConjugationForm.swift in Sources */,
				2EAF988B2697624F0066C44D /* Conjugated.swift in Sources */,
				2EAF98C0269890AD0066C44D /* WordSelector.swift in Sources */,
				2EAF988E269762520066C44D /* Word.swift in Sources */,
				2EAF986D26975FB90066C44D /* ConjugationTable.swift in Sources */,
				2EAF98B7269771050066C44D /* BaseConjugation.swift in Sources */,
				2EAF98B426976E450066C44D /* ConjugationEngine.swift in Sources */,
				2EAF986B26975FB90066C44D /* SpanishConjugationApp.swift in Sources */,
				2EAF98A826976CE70066C44D /* ConjugatedForms.swift in Sources */,
			);
			runOnlyForDeploymentPostprocessing = 0;
		};
/* End PBXSourcesBuildPhase section */

/* Begin XCBuildConfiguration section */
		2EAF987026975FB90066C44D /* Debug */ = {
			isa = XCBuildConfiguration;
			buildSettings = {
				ALWAYS_SEARCH_USER_PATHS = NO;
				CLANG_ANALYZER_NONNULL = YES;
				CLANG_ANALYZER_NUMBER_OBJECT_CONVERSION = YES_AGGRESSIVE;
				CLANG_CXX_LANGUAGE_STANDARD = "gnu++14";
				CLANG_CXX_LIBRARY = "libc++";
				CLANG_ENABLE_MODULES = YES;
				CLANG_ENABLE_OBJC_ARC = YES;
				CLANG_ENABLE_OBJC_WEAK = YES;
				CLANG_WARN_BLOCK_CAPTURE_AUTORELEASING = YES;
				CLANG_WARN_BOOL_CONVERSION = YES;
				CLANG_WARN_COMMA = YES;
				CLANG_WARN_CONSTANT_CONVERSION = YES;
				CLANG_WARN_DEPRECATED_OBJC_IMPLEMENTATIONS = YES;
				CLANG_WARN_DIRECT_OBJC_ISA_USAGE = YES_ERROR;
				CLANG_WARN_DOCUMENTATION_COMMENTS = YES;
				CLANG_WARN_EMPTY_BODY = YES;
				CLANG_WARN_ENUM_CONVERSION = YES;
				CLANG_WARN_INFINITE_RECURSION = YES;
				CLANG_WARN_INT_CONVERSION = YES;
				CLANG_WARN_NON_LITERAL_NULL_CONVERSION = YES;
				CLANG_WARN_OBJC_IMPLICIT_RETAIN_SELF = YES;
				CLANG_WARN_OBJC_LITERAL_CONVERSION = YES;
				CLANG_WARN_OBJC_ROOT_CLASS = YES_ERROR;
				CLANG_WARN_QUOTED_INCLUDE_IN_FRAMEWORK_HEADER = YES;
				CLANG_WARN_RANGE_LOOP_ANALYSIS = YES;
				CLANG_WARN_STRICT_PROTOTYPES = YES;
				CLANG_WARN_SUSPICIOUS_MOVE = YES;
				CLANG_WARN_UNGUARDED_AVAILABILITY = YES_AGGRESSIVE;
				CLANG_WARN_UNREACHABLE_CODE = YES;
				CLANG_WARN__DUPLICATE_METHOD_MATCH = YES;
				COPY_PHASE_STRIP = NO;
				DEBUG_INFORMATION_FORMAT = dwarf;
				ENABLE_STRICT_OBJC_MSGSEND = YES;
				ENABLE_TESTABILITY = YES;
				GCC_C_LANGUAGE_STANDARD = gnu11;
				GCC_DYNAMIC_NO_PIC = NO;
				GCC_NO_COMMON_BLOCKS = YES;
				GCC_OPTIMIZATION_LEVEL = 0;
				GCC_PREPROCESSOR_DEFINITIONS = (
					"DEBUG=1",
					"$(inherited)",
				);
				GCC_WARN_64_TO_32_BIT_CONVERSION = YES;
				GCC_WARN_ABOUT_RETURN_TYPE = YES_ERROR;
				GCC_WARN_UNDECLARED_SELECTOR = YES;
				GCC_WARN_UNINITIALIZED_AUTOS = YES_AGGRESSIVE;
				GCC_WARN_UNUSED_FUNCTION = YES;
				GCC_WARN_UNUSED_VARIABLE = YES;
				MTL_ENABLE_DEBUG_INFO = INCLUDE_SOURCE;
				MTL_FAST_MATH = YES;
				ONLY_ACTIVE_ARCH = YES;
				SWIFT_ACTIVE_COMPILATION_CONDITIONS = DEBUG;
				SWIFT_OPTIMIZATION_LEVEL = "-Onone";
			};
			name = Debug;
		};
		2EAF987126975FB90066C44D /* Release */ = {
			isa = XCBuildConfiguration;
			buildSettings = {
				ALWAYS_SEARCH_USER_PATHS = NO;
				CLANG_ANALYZER_NONNULL = YES;
				CLANG_ANALYZER_NUMBER_OBJECT_CONVERSION = YES_AGGRESSIVE;
				CLANG_CXX_LANGUAGE_STANDARD = "gnu++14";
				CLANG_CXX_LIBRARY = "libc++";
				CLANG_ENABLE_MODULES = YES;
				CLANG_ENABLE_OBJC_ARC = YES;
				CLANG_ENABLE_OBJC_WEAK = YES;
				CLANG_WARN_BLOCK_CAPTURE_AUTORELEASING = YES;
				CLANG_WARN_BOOL_CONVERSION = YES;
				CLANG_WARN_COMMA = YES;
				CLANG_WARN_CONSTANT_CONVERSION = YES;
				CLANG_WARN_DEPRECATED_OBJC_IMPLEMENTATIONS = YES;
				CLANG_WARN_DIRECT_OBJC_ISA_USAGE = YES_ERROR;
				CLANG_WARN_DOCUMENTATION_COMMENTS = YES;
				CLANG_WARN_EMPTY_BODY = YES;
				CLANG_WARN_ENUM_CONVERSION = YES;
				CLANG_WARN_INFINITE_RECURSION = YES;
				CLANG_WARN_INT_CONVERSION = YES;
				CLANG_WARN_NON_LITERAL_NULL_CONVERSION = YES;
				CLANG_WARN_OBJC_IMPLICIT_RETAIN_SELF = YES;
				CLANG_WARN_OBJC_LITERAL_CONVERSION = YES;
				CLANG_WARN_OBJC_ROOT_CLASS = YES_ERROR;
				CLANG_WARN_QUOTED_INCLUDE_IN_FRAMEWORK_HEADER = YES;
				CLANG_WARN_RANGE_LOOP_ANALYSIS = YES;
				CLANG_WARN_STRICT_PROTOTYPES = YES;
				CLANG_WARN_SUSPICIOUS_MOVE = YES;
				CLANG_WARN_UNGUARDED_AVAILABILITY = YES_AGGRESSIVE;
				CLANG_WARN_UNREACHABLE_CODE = YES;
				CLANG_WARN__DUPLICATE_METHOD_MATCH = YES;
				COPY_PHASE_STRIP = NO;
				DEBUG_INFORMATION_FORMAT = "dwarf-with-dsym";
				ENABLE_NS_ASSERTIONS = NO;
				ENABLE_STRICT_OBJC_MSGSEND = YES;
				GCC_C_LANGUAGE_STANDARD = gnu11;
				GCC_NO_COMMON_BLOCKS = YES;
				GCC_WARN_64_TO_32_BIT_CONVERSION = YES;
				GCC_WARN_ABOUT_RETURN_TYPE = YES_ERROR;
				GCC_WARN_UNDECLARED_SELECTOR = YES;
				GCC_WARN_UNINITIALIZED_AUTOS = YES_AGGRESSIVE;
				GCC_WARN_UNUSED_FUNCTION = YES;
				GCC_WARN_UNUSED_VARIABLE = YES;
				MTL_ENABLE_DEBUG_INFO = NO;
				MTL_FAST_MATH = YES;
				SWIFT_COMPILATION_MODE = wholemodule;
				SWIFT_OPTIMIZATION_LEVEL = "-O";
			};
			name = Release;
		};
		2EAF987326975FB90066C44D /* Debug */ = {
			isa = XCBuildConfiguration;
			buildSettings = {
				ASSETCATALOG_COMPILER_APPICON_NAME = AppIcon;
				ASSETCATALOG_COMPILER_GLOBAL_ACCENT_COLOR_NAME = AccentColor;
				CODE_SIGN_STYLE = Automatic;
				DEVELOPMENT_TEAM = FZ89A5SZ7C;
				ENABLE_PREVIEWS = YES;
				INFOPLIST_FILE = iOS/Info.plist;
				IPHONEOS_DEPLOYMENT_TARGET = 14.0;
				LD_RUNPATH_SEARCH_PATHS = (
					"$(inherited)",
					"@executable_path/Frameworks",
				);
				PRODUCT_BUNDLE_IDENTIFIER = tech.calstephens.SpanishConjugation;
				PRODUCT_NAME = SpanishConjugation;
				SDKROOT = iphoneos;
				SWIFT_VERSION = 5.0;
				TARGETED_DEVICE_FAMILY = "1,2";
			};
			name = Debug;
		};
		2EAF987426975FB90066C44D /* Release */ = {
			isa = XCBuildConfiguration;
			buildSettings = {
				ASSETCATALOG_COMPILER_APPICON_NAME = AppIcon;
				ASSETCATALOG_COMPILER_GLOBAL_ACCENT_COLOR_NAME = AccentColor;
				CODE_SIGN_STYLE = Automatic;
				DEVELOPMENT_TEAM = FZ89A5SZ7C;
				ENABLE_PREVIEWS = YES;
				INFOPLIST_FILE = iOS/Info.plist;
				IPHONEOS_DEPLOYMENT_TARGET = 14.0;
				LD_RUNPATH_SEARCH_PATHS = (
					"$(inherited)",
					"@executable_path/Frameworks",
				);
				PRODUCT_BUNDLE_IDENTIFIER = tech.calstephens.SpanishConjugation;
				PRODUCT_NAME = SpanishConjugation;
				SDKROOT = iphoneos;
				SWIFT_VERSION = 5.0;
				TARGETED_DEVICE_FAMILY = "1,2";
				VALIDATE_PRODUCT = YES;
			};
			name = Release;
		};
		2EAF987626975FB90066C44D /* Debug */ = {
			isa = XCBuildConfiguration;
			buildSettings = {
				ASSETCATALOG_COMPILER_APPICON_NAME = AppIcon;
				ASSETCATALOG_COMPILER_GLOBAL_ACCENT_COLOR_NAME = AccentColor;
				CODE_SIGN_ENTITLEMENTS = macOS/macOS.entitlements;
				CODE_SIGN_STYLE = Automatic;
				COMBINE_HIDPI_IMAGES = YES;
				DEVELOPMENT_TEAM = FZ89A5SZ7C;
				ENABLE_HARDENED_RUNTIME = YES;
				ENABLE_PREVIEWS = YES;
				INFOPLIST_FILE = macOS/Info.plist;
				LD_RUNPATH_SEARCH_PATHS = (
					"$(inherited)",
					"@executable_path/../Frameworks",
				);
				MACOSX_DEPLOYMENT_TARGET = 11.0;
				PRODUCT_BUNDLE_IDENTIFIER = tech.calstephens.SpanishConjugation;
				PRODUCT_NAME = SpanishConjugation;
				SDKROOT = macosx;
				SWIFT_VERSION = 5.0;
			};
			name = Debug;
		};
		2EAF987726975FB90066C44D /* Release */ = {
			isa = XCBuildConfiguration;
			buildSettings = {
				ASSETCATALOG_COMPILER_APPICON_NAME = AppIcon;
				ASSETCATALOG_COMPILER_GLOBAL_ACCENT_COLOR_NAME = AccentColor;
				CODE_SIGN_ENTITLEMENTS = macOS/macOS.entitlements;
				CODE_SIGN_STYLE = Automatic;
				COMBINE_HIDPI_IMAGES = YES;
				DEVELOPMENT_TEAM = FZ89A5SZ7C;
				ENABLE_HARDENED_RUNTIME = YES;
				ENABLE_PREVIEWS = YES;
				INFOPLIST_FILE = macOS/Info.plist;
				LD_RUNPATH_SEARCH_PATHS = (
					"$(inherited)",
					"@executable_path/../Frameworks",
				);
				MACOSX_DEPLOYMENT_TARGET = 11.0;
				PRODUCT_BUNDLE_IDENTIFIER = tech.calstephens.SpanishConjugation;
				PRODUCT_NAME = SpanishConjugation;
				SDKROOT = macosx;
				SWIFT_VERSION = 5.0;
			};
			name = Release;
		};
/* End XCBuildConfiguration section */

/* Begin XCConfigurationList section */
		2EAF985526975FB80066C44D /* Build configuration list for PBXProject "SpanishConjugation" */ = {
			isa = XCConfigurationList;
			buildConfigurations = (
				2EAF987026975FB90066C44D /* Debug */,
				2EAF987126975FB90066C44D /* Release */,
			);
			defaultConfigurationIsVisible = 0;
			defaultConfigurationName = Release;
		};
		2EAF987226975FB90066C44D /* Build configuration list for PBXNativeTarget "SpanishConjugation (iOS)" */ = {
			isa = XCConfigurationList;
			buildConfigurations = (
				2EAF987326975FB90066C44D /* Debug */,
				2EAF987426975FB90066C44D /* Release */,
			);
			defaultConfigurationIsVisible = 0;
			defaultConfigurationName = Release;
		};
		2EAF987526975FB90066C44D /* Build configuration list for PBXNativeTarget "SpanishConjugation (macOS)" */ = {
			isa = XCConfigurationList;
			buildConfigurations = (
				2EAF987626975FB90066C44D /* Debug */,
				2EAF987726975FB90066C44D /* Release */,
			);
			defaultConfigurationIsVisible = 0;
			defaultConfigurationName = Release;
		};
/* End XCConfigurationList section */
	};
	rootObject = 2EAF985226975FB80066C44D /* Project object */;
}
